
Microsoft Visual Studio Solution File, Format Version 12.00
# Visual Studio Version 16
VisualStudioVersion = 16.0.30804.86
MinimumVisualStudioVersion = 10.0.40219.1
Project("{FAE04EC0-301F-11D3-BF4B-00C04F79EFBC}") = "16_Lesson", "16_Lesson.csproj", "{512C0E8B-ED44-442A-BD84-E31ABE2BF0D1}"
EndProject
Project("{2150E333-8FDC-42A3-9474-1A3956D46DE8}") = "16_Stream_File", "16_Stream_File", "{8AFBCEA9-4E6E-450E-8DDA-A9953DD715D2}"
EndProject
Project("{2150E333-8FDC-42A3-9474-1A3956D46DE8}") = "17_Async_Treads", "17_Async_Treads", "{775A85B9-E738-43DA-895E-BE80DB17DD92}"
EndProject
Project("{2150E333-8FDC-42A3-9474-1A3956D46DE8}") = "18_Socket_Client-Srever", "18_Socket_Client-Srever", "{731A43E4-6CCE-40BA-81B1-873CF1129657}"
EndProject
Project("{2150E333-8FDC-42A3-9474-1A3956D46DE8}") = "19_SQL_EF", "19_SQL_EF", "{5DFFE2A3-39FB-4AF1-86D4-26269DEB9774}"
EndProject
Project("{2150E333-8FDC-42A3-9474-1A3956D46DE8}") = "20_Linq", "20_Linq", "{56E5589B-082C-4D31-9121-0838B8823408}"
EndProject
Project("{2150E333-8FDC-42A3-9474-1A3956D46DE8}") = "21_extentionMethod", "21_extentionMethod", "{ABD20F5E-4A88-4633-999E-8EEFCF099078}"
EndProject
Project("{2150E333-8FDC-42A3-9474-1A3956D46DE8}") = "23_Anonymous_Type", "23_Anonymous_Type", "{7681F50B-7AAE-440E-A237-7DF37D6D7A5D}"
EndProject
Project("{FAE04EC0-301F-11D3-BF4B-00C04F79EFBC}") = "17_Lesson", "..\17AsyncTreads\17_Lesson.csproj", "{1B49117B-5593-4CB7-B874-73FF4F57BAF9}"
EndProject
Project("{FAE04EC0-301F-11D3-BF4B-00C04F79EFBC}") = "TCPserver", "..\18socketsClientServer\TCPserver.csproj", "{7FD27218-BC22-4ED3-AA0A-00A8F4887B49}"
EndProject
Project("{FAE04EC0-301F-11D3-BF4B-00C04F79EFBC}") = "TCPclient", "..\TCPclient\TCPclient.csproj", "{62B18E0D-594A-4879-A501-55AD936B7FBF}"
EndProject
Project("{FAE04EC0-301F-11D3-BF4B-00C04F79EFBC}") = "19_Lesson", "..\19sqlEntityF\19_Lesson.csproj", "{7371F484-CED4-4D53-88E0-688642234E91}"
EndProject
Project("{FAE04EC0-301F-11D3-BF4B-00C04F79EFBC}") = "20_Lesson", "..\20LinQ\20_Lesson.csproj", "{F88FB1DD-DE23-42B4-865A-A263F72BDE18}"
EndProject
Project("{FAE04EC0-301F-11D3-BF4B-00C04F79EFBC}") = "21_Lesson", "..\21ExtMethods\21_Lesson.csproj", "{73DB098C-ECD6-4650-A5D3-2B3DFF4BBF39}"
EndProject
Project("{FAE04EC0-301F-11D3-BF4B-00C04F79EFBC}") = "23_Lesson", "..\23_Lesson\23_Lesson.csproj", "{4E2A5E13-7505-4A20-B933-672A43BD4537}"
EndProject
Global
	GlobalSection(SolutionConfigurationPlatforms) = preSolution
		Debug|Any CPU = Debug|Any CPU
		Release|Any CPU = Release|Any CPU
	EndGlobalSection
	GlobalSection(ProjectConfigurationPlatforms) = postSolution
		{512C0E8B-ED44-442A-BD84-E31ABE2BF0D1}.Debug|Any CPU.ActiveCfg = Debug|Any CPU
		{512C0E8B-ED44-442A-BD84-E31ABE2BF0D1}.Debug|Any CPU.Build.0 = Debug|Any CPU
		{512C0E8B-ED44-442A-BD84-E31ABE2BF0D1}.Release|Any CPU.ActiveCfg = Release|Any CPU
		{512C0E8B-ED44-442A-BD84-E31ABE2BF0D1}.Release|Any CPU.Build.0 = Release|Any CPU
		{1B49117B-5593-4CB7-B874-73FF4F57BAF9}.Debug|Any CPU.ActiveCfg = Debug|Any CPU
		{1B49117B-5593-4CB7-B874-73FF4F57BAF9}.Debug|Any CPU.Build.0 = Debug|Any CPU
		{1B49117B-5593-4CB7-B874-73FF4F57BAF9}.Release|Any CPU.ActiveCfg = Release|Any CPU
		{1B49117B-5593-4CB7-B874-73FF4F57BAF9}.Release|Any CPU.Build.0 = Release|Any CPU
		{7FD27218-BC22-4ED3-AA0A-00A8F4887B49}.Debug|Any CPU.ActiveCfg = Debug|Any CPU
		{7FD27218-BC22-4ED3-AA0A-00A8F4887B49}.Debug|Any CPU.Build.0 = Debug|Any CPU
		{7FD27218-BC22-4ED3-AA0A-00A8F4887B49}.Release|Any CPU.ActiveCfg = Release|Any CPU
		{7FD27218-BC22-4ED3-AA0A-00A8F4887B49}.Release|Any CPU.Build.0 = Release|Any CPU
		{62B18E0D-594A-4879-A501-55AD936B7FBF}.Debug|Any CPU.ActiveCfg = Debug|Any CPU
		{62B18E0D-594A-4879-A501-55AD936B7FBF}.Debug|Any CPU.Build.0 = Debug|Any CPU
		{62B18E0D-594A-4879-A501-55AD936B7FBF}.Release|Any CPU.ActiveCfg = Release|Any CPU
		{62B18E0D-594A-4879-A501-55AD936B7FBF}.Release|Any CPU.Build.0 = Release|Any CPU
		{7371F484-CED4-4D53-88E0-688642234E91}.Debug|Any CPU.ActiveCfg = Debug|Any CPU
		{7371F484-CED4-4D53-88E0-688642234E91}.Debug|Any CPU.Build.0 = Debug|Any CPU
		{7371F484-CED4-4D53-88E0-688642234E91}.Release|Any CPU.ActiveCfg = Release|Any CPU
		{7371F484-CED4-4D53-88E0-688642234E91}.Release|Any CPU.Build.0 = Release|Any CPU
		{F88FB1DD-DE23-42B4-865A-A263F72BDE18}.Debug|Any CPU.ActiveCfg = Debug|Any CPU
		{F88FB1DD-DE23-42B4-865A-A263F72BDE18}.Debug|Any CPU.Build.0 = Debug|Any CPU
		{F88FB1DD-DE23-42B4-865A-A263F72BDE18}.Release|Any CPU.ActiveCfg = Release|Any CPU
		{F88FB1DD-DE23-42B4-865A-A263F72BDE18}.Release|Any CPU.Build.0 = Release|Any CPU
		{73DB098C-ECD6-4650-A5D3-2B3DFF4BBF39}.Debug|Any CPU.ActiveCfg = Debug|Any CPU
		{73DB098C-ECD6-4650-A5D3-2B3DFF4BBF39}.Debug|Any CPU.Build.0 = Debug|Any CPU
		{73DB098C-ECD6-4650-A5D3-2B3DFF4BBF39}.Release|Any CPU.ActiveCfg = Release|Any CPU
		{73DB098C-ECD6-4650-A5D3-2B3DFF4BBF39}.Release|Any CPU.Build.0 = Release|Any CPU
		{4E2A5E13-7505-4A20-B933-672A43BD4537}.Debug|Any CPU.ActiveCfg = Debug|Any CPU
		{4E2A5E13-7505-4A20-B933-672A43BD4537}.Debug|Any CPU.Build.0 = Debug|Any CPU
		{4E2A5E13-7505-4A20-B933-672A43BD4537}.Release|Any CPU.ActiveCfg = Release|Any CPU
		{4E2A5E13-7505-4A20-B933-672A43BD4537}.Release|Any CPU.Build.0 = Release|Any CPU
	EndGlobalSection
	GlobalSection(SolutionProperties) = preSolution
		HideSolutionNode = FALSE
	EndGlobalSection
	GlobalSection(NestedProjects) = preSolution
		{512C0E8B-ED44-442A-BD84-E31ABE2BF0D1} = {8AFBCEA9-4E6E-450E-8DDA-A9953DD715D2}
		{1B49117B-5593-4CB7-B874-73FF4F57BAF9} = {775A85B9-E738-43DA-895E-BE80DB17DD92}
		{7FD27218-BC22-4ED3-AA0A-00A8F4887B49} = {731A43E4-6CCE-40BA-81B1-873CF1129657}
		{62B18E0D-594A-4879-A501-55AD936B7FBF} = {731A43E4-6CCE-40BA-81B1-873CF1129657}
		{7371F484-CED4-4D53-88E0-688642234E91} = {5DFFE2A3-39FB-4AF1-86D4-26269DEB9774}
		{F88FB1DD-DE23-42B4-865A-A263F72BDE18} = {56E5589B-082C-4D31-9121-0838B8823408}
		{73DB098C-ECD6-4650-A5D3-2B3DFF4BBF39} = {ABD20F5E-4A88-4633-999E-8EEFCF099078}
		{4E2A5E13-7505-4A20-B933-672A43BD4537} = {7681F50B-7AAE-440E-A237-7DF37D6D7A5D}
	EndGlobalSection
	GlobalSection(ExtensibilityGlobals) = postSolution
		SolutionGuid = {B244F34F-9C00-4683-880E-4E9879F64253}
	EndGlobalSection
EndGlobal
